Microsoft Visual Studio Solution File, Format Version 12.00
# Visual Studio Version 17
VisualStudioVersion = 17.5.2.0
MinimumVisualStudioVersion = 10.0.40219.1
Project("{FAE04EC0-301F-11D3-BF4B-00C04F79EFBC}") = "7-SpecialBonus", "7-SpecialBonus.csproj", "{9DC6D35F-20DA-DB14-550F-4DD412E40D22}"
EndProject
Global
	GlobalSection(SolutionConfigurationPlatforms) = preSolution
		Debug|Any CPU = Debug|Any CPU
		Release|Any CPU = Release|Any CPU
	EndGlobalSection
	GlobalSection(ProjectConfigurationPlatforms) = postSolution
		{9DC6D35F-20DA-DB14-550F-4DD412E40D22}.Debug|Any CPU.ActiveCfg = Debug|Any CPU
		{9DC6D35F-20DA-DB14-550F-4DD412E40D22}.Debug|Any CPU.Build.0 = Debug|Any CPU
		{9DC6D35F-20DA-DB14-550F-4DD412E40D22}.Release|Any CPU.ActiveCfg = Release|Any CPU
		{9DC6D35F-20DA-DB14-550F-4DD412E40D22}.Release|Any CPU.Build.0 = Release|Any CPU
	EndGlobalSection
	GlobalSection(SolutionProperties) = preSolution
		HideSolutionNode = FALSE
	EndGlobalSection
	GlobalSection(ExtensibilityGlobals) = postSolution
		SolutionGuid = {25FC3163-65BE-4CDD-91AC-759DA4553E25}
	EndGlobalSection
EndGlobal
